
Microsoft Visual Studio Solution File, Format Version 12.00
# Visual Studio 15
VisualStudioVersion = 15.0.28307.1000
MinimumVisualStudioVersion = 10.0.40219.1
Project("{FAE04EC0-301F-11D3-BF4B-00C04F79EFBC}") = "TaskTimer.Wpf", "TaskTimer.Wpf\TaskTimer.Wpf.csproj", "{0EF500B8-886E-4E25-A25D-45F7BB84008A}"
EndProject
Project("{FAE04EC0-301F-11D3-BF4B-00C04F79EFBC}") = "TaskTimer.Contracts", "TaskTimer.Contracts\TaskTimer.Contracts.csproj", "{3B04E229-2CE3-4C15-88B5-9C28A808CE2D}"
EndProject
Project("{FAE04EC0-301F-11D3-BF4B-00C04F79EFBC}") = "TaskTimer.Database", "TaskTimer.Database\TaskTimer.Database.csproj", "{44EE3278-1B78-42B9-A486-EFD9797918DF}"
EndProject
Project("{FAE04EC0-301F-11D3-BF4B-00C04F79EFBC}") = "TaskTimer.Domain", "TaskTimer.Domain\TaskTimer.Domain.csproj", "{9586816A-AAD7-4B27-B460-716B24D2535B}"
EndProject
Global
	GlobalSection(SolutionConfigurationPlatforms) = preSolution
		Debug|Any CPU = Debug|Any CPU
		Release|Any CPU = Release|Any CPU
	EndGlobalSection
	GlobalSection(ProjectConfigurationPlatforms) = postSolution
		{0EF500B8-886E-4E25-A25D-45F7BB84008A}.Debug|Any CPU.ActiveCfg = Debug|Any CPU
		{0EF500B8-886E-4E25-A25D-45F7BB84008A}.Debug|Any CPU.Build.0 = Debug|Any CPU
		{0EF500B8-886E-4E25-A25D-45F7BB84008A}.Release|Any CPU.ActiveCfg = Release|Any CPU
		{0EF500B8-886E-4E25-A25D-45F7BB84008A}.Release|Any CPU.Build.0 = Release|Any CPU
		{3B04E229-2CE3-4C15-88B5-9C28A808CE2D}.Debug|Any CPU.ActiveCfg = Debug|Any CPU
		{3B04E229-2CE3-4C15-88B5-9C28A808CE2D}.Debug|Any CPU.Build.0 = Debug|Any CPU
		{3B04E229-2CE3-4C15-88B5-9C28A808CE2D}.Release|Any CPU.ActiveCfg = Release|Any CPU
		{3B04E229-2CE3-4C15-88B5-9C28A808CE2D}.Release|Any CPU.Build.0 = Release|Any CPU
		{44EE3278-1B78-42B9-A486-EFD9797918DF}.Debug|Any CPU.ActiveCfg = Debug|Any CPU
		{44EE3278-1B78-42B9-A486-EFD9797918DF}.Debug|Any CPU.Build.0 = Debug|Any CPU
		{44EE3278-1B78-42B9-A486-EFD9797918DF}.Release|Any CPU.ActiveCfg = Release|Any CPU
		{44EE3278-1B78-42B9-A486-EFD9797918DF}.Release|Any CPU.Build.0 = Release|Any CPU
		{9586816A-AAD7-4B27-B460-716B24D2535B}.Debug|Any CPU.ActiveCfg = Debug|Any CPU
		{9586816A-AAD7-4B27-B460-716B24D2535B}.Debug|Any CPU.Build.0 = Debug|Any CPU
		{9586816A-AAD7-4B27-B460-716B24D2535B}.Release|Any CPU.ActiveCfg = Release|Any CPU
		{9586816A-AAD7-4B27-B460-716B24D2535B}.Release|Any CPU.Build.0 = Release|Any CPU
	EndGlobalSection
	GlobalSection(SolutionProperties) = preSolution
		HideSolutionNode = FALSE
	EndGlobalSection
	GlobalSection(ExtensibilityGlobals) = postSolution
		SolutionGuid = {5A3E1BB2-9C2E-4647-AD64-BD955EB8A8C8}
	EndGlobalSection
EndGlobal
